
Microsoft Visual Studio Solution File, Format Version 12.00
Project("{FAE04EC0-301F-11D3-BF4B-00C04F79EFBC}") = "DiskInfo", "DiskInfo\DiskInfo.csproj", "{B8533BEA-B8B7-4359-A2E8-4C121E7CADFB}"
EndProject
Global
	GlobalSection(SolutionConfigurationPlatforms) = preSolution
		Debug|Any CPU = Debug|Any CPU
		Release|Any CPU = Release|Any CPU
	EndGlobalSection
	GlobalSection(ProjectConfigurationPlatforms) = postSolution
		{B8533BEA-B8B7-4359-A2E8-4C121E7CADFB}.Debug|Any CPU.ActiveCfg = Debug|Any CPU
		{B8533BEA-B8B7-4359-A2E8-4C121E7CADFB}.Debug|Any CPU.Build.0 = Debug|Any CPU
		{B8533BEA-B8B7-4359-A2E8-4C121E7CADFB}.Release|Any CPU.ActiveCfg = Release|Any CPU
		{B8533BEA-B8B7-4359-A2E8-4C121E7CADFB}.Release|Any CPU.Build.0 = Release|Any CPU
	EndGlobalSection
EndGlobal
